
Microsoft Visual Studio Solution File, Format Version 11.00
# Visual Studio 2010
# SharpDevelop 5.1
Project("{FAE04EC0-301F-11D3-BF4B-00C04F79EFBC}") = "PetDisease", "PetDisease\PetDisease.csproj", "{77776526-7592-46fd-a31e-641650e367ed}"
EndProject
Global
	GlobalSection(SolutionConfigurationPlatforms) = preSolution
		Debug|Any CPU = Debug|Any CPU
		Release|Any CPU = Release|Any CPU
	EndGlobalSection
	GlobalSection(ProjectConfigurationPlatforms) = postSolution
		{77776526-7592-46fd-a31e-641650e367ed}.Debug|Any CPU.ActiveCfg = Debug|Any CPU
		{77776526-7592-46fd-a31e-641650e367ed}.Debug|Any CPU.Build.0 = Debug|Any CPU
		{77776526-7592-46fd-a31e-641650e367ed}.Release|Any CPU.ActiveCfg = Release|Any CPU
		{77776526-7592-46fd-a31e-641650e367ed}.Release|Any CPU.Build.0 = Release|Any CPU
	EndGlobalSection
EndGlobal